
Microsoft Visual Studio Solution File, Format Version 12.00
# Visual Studio 15
VisualStudioVersion = 15.0.28307.421
MinimumVisualStudioVersion = 10.0.40219.1
Project("{9A19103F-16F7-4668-BE54-9A1E7A4F7556}") = "Common", "Common\Common.csproj", "{16A687C1-0262-4627-8221-64AAD2738C6A}"
EndProject
Project("{9A19103F-16F7-4668-BE54-9A1E7A4F7556}") = "DDDSample", "DDDSample\DDDSample.csproj", "{88460D15-E8BF-417E-9A66-BB7E69271AFB}"
EndProject
Project("{9A19103F-16F7-4668-BE54-9A1E7A4F7556}") = "DDDSampleTest", "DDDSampleTest\DDDSampleTest.csproj", "{3C2DF823-7FF5-4B2A-93C8-A1165C581FBA}"
EndProject
Project("{2150E333-8FDC-42A3-9474-1A3956D46DE8}") = "Infra", "Infra", "{FCCA29F1-F069-4D4E-8B1A-72D612C6425B}"
EndProject
Project("{2150E333-8FDC-42A3-9474-1A3956D46DE8}") = "network", "network", "{D0D8D0C2-2926-4413-842E-A1FA7606896F}"
	ProjectSection(SolutionItems) = preProject
		Infra\network\networkinit.cmd = Infra\network\networkinit.cmd
	EndProjectSection
EndProject
Project("{2150E333-8FDC-42A3-9474-1A3956D46DE8}") = "db", "db", "{BF12788E-536D-4B4A-BC3F-E7854916B127}"
	ProjectSection(SolutionItems) = preProject
		Infra\db\docker-compose.yml = Infra\db\docker-compose.yml
	EndProjectSection
EndProject
Project("{2150E333-8FDC-42A3-9474-1A3956D46DE8}") = "kafka", "kafka", "{E27C4FB2-2C80-4E7C-9A68-36AA58A66F96}"
	ProjectSection(SolutionItems) = preProject
		Infra\kafka\docker-compose.yml = Infra\kafka\docker-compose.yml
	EndProjectSection
EndProject
Project("{2150E333-8FDC-42A3-9474-1A3956D46DE8}") = "init", "init", "{2146975A-3561-440E-AD2A-17514E9AB6F0}"
	ProjectSection(SolutionItems) = preProject
		Infra\db\init\firstsql.txt = Infra\db\init\firstsql.txt
	EndProjectSection
EndProject
Project("{2150E333-8FDC-42A3-9474-1A3956D46DE8}") = "Solution Items", "Solution Items", "{EFEE7187-7CF5-4266-81D4-64B1F90A19B2}"
	ProjectSection(SolutionItems) = preProject
		readme.md = readme.md
	EndProjectSection
EndProject
Project("{2150E333-8FDC-42A3-9474-1A3956D46DE8}") = "zeppelin", "zeppelin", "{CE8715F1-1BA0-4F8E-AA67-28824CA9A360}"
	ProjectSection(SolutionItems) = preProject
		Infra\zeppelin\docker-compose.yml = Infra\zeppelin\docker-compose.yml
		Infra\zeppelin\Dockerfile = Infra\zeppelin\Dockerfile
	EndProjectSection
EndProject
Project("{2150E333-8FDC-42A3-9474-1A3956D46DE8}") = "conf", "conf", "{E626B6DD-1A0E-4E59-963A-80C9EAAEBE99}"
	ProjectSection(SolutionItems) = preProject
		Infra\zeppelin\conf\shiro.ini = Infra\zeppelin\conf\shiro.ini
		Infra\zeppelin\conf\zeppelin-site.xml = Infra\zeppelin\conf\zeppelin-site.xml
	EndProjectSection
EndProject
Project("{2150E333-8FDC-42A3-9474-1A3956D46DE8}") = "notebook", "notebook", "{9A026369-0B2A-47C3-A86D-49CFF75E50FC}"
	ProjectSection(SolutionItems) = preProject
		Infra\notebook\docker-compose.yml = Infra\notebook\docker-compose.yml
	EndProjectSection
EndProject
Global
	GlobalSection(SolutionConfigurationPlatforms) = preSolution
		Debug|Any CPU = Debug|Any CPU
		Release|Any CPU = Release|Any CPU
	EndGlobalSection
	GlobalSection(ProjectConfigurationPlatforms) = postSolution
		{16A687C1-0262-4627-8221-64AAD2738C6A}.Debug|Any CPU.ActiveCfg = Debug|Any CPU
		{16A687C1-0262-4627-8221-64AAD2738C6A}.Debug|Any CPU.Build.0 = Debug|Any CPU
		{16A687C1-0262-4627-8221-64AAD2738C6A}.Release|Any CPU.ActiveCfg = Release|Any CPU
		{16A687C1-0262-4627-8221-64AAD2738C6A}.Release|Any CPU.Build.0 = Release|Any CPU
		{88460D15-E8BF-417E-9A66-BB7E69271AFB}.Debug|Any CPU.ActiveCfg = Debug|Any CPU
		{88460D15-E8BF-417E-9A66-BB7E69271AFB}.Debug|Any CPU.Build.0 = Debug|Any CPU
		{88460D15-E8BF-417E-9A66-BB7E69271AFB}.Release|Any CPU.ActiveCfg = Release|Any CPU
		{88460D15-E8BF-417E-9A66-BB7E69271AFB}.Release|Any CPU.Build.0 = Release|Any CPU
		{3C2DF823-7FF5-4B2A-93C8-A1165C581FBA}.Debug|Any CPU.ActiveCfg = Debug|Any CPU
		{3C2DF823-7FF5-4B2A-93C8-A1165C581FBA}.Debug|Any CPU.Build.0 = Debug|Any CPU
		{3C2DF823-7FF5-4B2A-93C8-A1165C581FBA}.Release|Any CPU.ActiveCfg = Release|Any CPU
		{3C2DF823-7FF5-4B2A-93C8-A1165C581FBA}.Release|Any CPU.Build.0 = Release|Any CPU
	EndGlobalSection
	GlobalSection(SolutionProperties) = preSolution
		HideSolutionNode = FALSE
	EndGlobalSection
	GlobalSection(NestedProjects) = preSolution
		{FCCA29F1-F069-4D4E-8B1A-72D612C6425B} = {EFEE7187-7CF5-4266-81D4-64B1F90A19B2}
		{D0D8D0C2-2926-4413-842E-A1FA7606896F} = {FCCA29F1-F069-4D4E-8B1A-72D612C6425B}
		{BF12788E-536D-4B4A-BC3F-E7854916B127} = {FCCA29F1-F069-4D4E-8B1A-72D612C6425B}
		{E27C4FB2-2C80-4E7C-9A68-36AA58A66F96} = {FCCA29F1-F069-4D4E-8B1A-72D612C6425B}
		{2146975A-3561-440E-AD2A-17514E9AB6F0} = {BF12788E-536D-4B4A-BC3F-E7854916B127}
		{CE8715F1-1BA0-4F8E-AA67-28824CA9A360} = {FCCA29F1-F069-4D4E-8B1A-72D612C6425B}
		{E626B6DD-1A0E-4E59-963A-80C9EAAEBE99} = {CE8715F1-1BA0-4F8E-AA67-28824CA9A360}
		{9A026369-0B2A-47C3-A86D-49CFF75E50FC} = {FCCA29F1-F069-4D4E-8B1A-72D612C6425B}
	EndGlobalSection
	GlobalSection(ExtensibilityGlobals) = postSolution
		SolutionGuid = {B3FD4EE0-3890-4CC3-B307-DF27EC6C19D2}
	EndGlobalSection
EndGlobal
